
Microsoft Visual Studio Solution File, Format Version 12.00
# Visual Studio Version 16
VisualStudioVersion = 16.0.33130.400
MinimumVisualStudioVersion = 10.0.40219.1
Project("{FAE04EC0-301F-11D3-BF4B-00C04F79EFBC}") = "MES_APEM_UFT_Selenium_Auto", "MES_APEM_UFT_Selenium_Auto\MES_APEM_UFT_Selenium_Auto.csproj", "{280D9718-0CC3-411D-A490-43CF2902649C}"
EndProject
Global
	GlobalSection(SolutionConfigurationPlatforms) = preSolution
		Debug|Any CPU = Debug|Any CPU
		Release|Any CPU = Release|Any CPU
	EndGlobalSection
	GlobalSection(ProjectConfigurationPlatforms) = postSolution
		{280D9718-0CC3-411D-A490-43CF2902649C}.Debug|Any CPU.ActiveCfg = Debug|Any CPU
		{280D9718-0CC3-411D-A490-43CF2902649C}.Debug|Any CPU.Build.0 = Debug|Any CPU
		{280D9718-0CC3-411D-A490-43CF2902649C}.Release|Any CPU.ActiveCfg = Release|Any CPU
		{280D9718-0CC3-411D-A490-43CF2902649C}.Release|Any CPU.Build.0 = Release|Any CPU
	EndGlobalSection
	GlobalSection(SolutionProperties) = preSolution
		HideSolutionNode = FALSE
	EndGlobalSection
	GlobalSection(ExtensibilityGlobals) = postSolution
		SolutionGuid = {0D357C10-8FD5-4A11-8ECE-E2344D4DE7AC}
	EndGlobalSection
EndGlobal
